
Microsoft Visual Studio Solution File, Format Version 12.00
# Visual Studio 15
VisualStudioVersion = 15.0.27428.2027
MinimumVisualStudioVersion = 10.0.40219.1
Project("{9A19103F-16F7-4668-BE54-9A1E7A4F7556}") = "AgendaAngular", "AgendaAngular.csproj", "{DA3D812F-98EB-4C3F-9810-A67DB0280D27}"
EndProject
Global
	GlobalSection(SolutionConfigurationPlatforms) = preSolution
		Debug|Any CPU = Debug|Any CPU
		Release|Any CPU = Release|Any CPU
	EndGlobalSection
	GlobalSection(ProjectConfigurationPlatforms) = postSolution
		{DA3D812F-98EB-4C3F-9810-A67DB0280D27}.Debug|Any CPU.ActiveCfg = Debug|Any CPU
		{DA3D812F-98EB-4C3F-9810-A67DB0280D27}.Debug|Any CPU.Build.0 = Debug|Any CPU
		{DA3D812F-98EB-4C3F-9810-A67DB0280D27}.Release|Any CPU.ActiveCfg = Release|Any CPU
		{DA3D812F-98EB-4C3F-9810-A67DB0280D27}.Release|Any CPU.Build.0 = Release|Any CPU
	EndGlobalSection
	GlobalSection(SolutionProperties) = preSolution
		HideSolutionNode = FALSE
	EndGlobalSection
	GlobalSection(ExtensibilityGlobals) = postSolution
		SolutionGuid = {D7FB100D-ABFB-44E5-8B83-EF3E19F400DE}
	EndGlobalSection
EndGlobal
